
Microsoft Visual Studio Solution File, Format Version 12.00
# Visual Studio Version 17
VisualStudioVersion = 17.4.33110.190
MinimumVisualStudioVersion = 10.0.40219.1
Project("{FAE04EC0-301F-11D3-BF4B-00C04F79EFBC}") = "ClothesStore.Web", "ClothesStore.Web\ClothesStore.Web.csproj", "{DC5F4754-F140-45C1-BD55-EDBD1BD4DBC7}"
EndProject
Global
	GlobalSection(SolutionConfigurationPlatforms) = preSolution
		Debug|Any CPU = Debug|Any CPU
		Release|Any CPU = Release|Any CPU
	EndGlobalSection
	GlobalSection(ProjectConfigurationPlatforms) = postSolution
		{DC5F4754-F140-45C1-BD55-EDBD1BD4DBC7}.Debug|Any CPU.ActiveCfg = Debug|Any CPU
		{DC5F4754-F140-45C1-BD55-EDBD1BD4DBC7}.Debug|Any CPU.Build.0 = Debug|Any CPU
		{DC5F4754-F140-45C1-BD55-EDBD1BD4DBC7}.Release|Any CPU.ActiveCfg = Release|Any CPU
		{DC5F4754-F140-45C1-BD55-EDBD1BD4DBC7}.Release|Any CPU.Build.0 = Release|Any CPU
	EndGlobalSection
	GlobalSection(SolutionProperties) = preSolution
		HideSolutionNode = FALSE
	EndGlobalSection
	GlobalSection(ExtensibilityGlobals) = postSolution
		SolutionGuid = {51A62BF0-1B66-452F-91C9-F1E02F2D7247}
	EndGlobalSection
EndGlobal
